
Microsoft Visual Studio Solution File, Format Version 12.00
# Visual Studio 14
VisualStudioVersion = 14.0.25420.1
MinimumVisualStudioVersion = 10.0.40219.1
Project("{FAE04EC0-301F-11D3-BF4B-00C04F79EFBC}") = "Task 4. Re-factor and improve the code", "Task 4. Re-factor and improve the code.csproj", "{B20E8DFD-5F12-4358-849D-1F25806E9052}"
EndProject
Project("{FAE04EC0-301F-11D3-BF4B-00C04F79EFBC}") = "Task 2. Make_Чуек in CSharp", "Task 2. Make_Чуек in CSharp\Task 2. Make_Чуек in CSharp.csproj", "{819D1196-DF84-4A94-93EA-CEDCDE219F11}"
EndProject
Project("{FAE04EC0-301F-11D3-BF4B-00C04F79EFBC}") = "Task 1. class_123 in CSharp", "Task 1. class_123 in CSharp\Task 1. class_123 in CSharp.csproj", "{76B50ACD-D23F-4393-93E5-ECE92DCFAD67}"
EndProject
Project("{2150E333-8FDC-42A3-9474-1A3956D46DE8}") = "Task 3. _ClickON_TheButton in JavaScript", "Task 3. _ClickON_TheButton in JavaScript", "{92EBE022-3A92-4021-9761-101185B6E02D}"
	ProjectSection(SolutionItems) = preProject
		Task 3. _ClickON_TheButton in JavaScript\Task 3. _ClickON_TheButton in JavaScript.js = Task 3. _ClickON_TheButton in JavaScript\Task 3. _ClickON_TheButton in JavaScript.js
	EndProjectSection
EndProject
Global
	GlobalSection(SolutionConfigurationPlatforms) = preSolution
		Debug|Any CPU = Debug|Any CPU
		Release|Any CPU = Release|Any CPU
	EndGlobalSection
	GlobalSection(ProjectConfigurationPlatforms) = postSolution
		{B20E8DFD-5F12-4358-849D-1F25806E9052}.Debug|Any CPU.ActiveCfg = Debug|Any CPU
		{B20E8DFD-5F12-4358-849D-1F25806E9052}.Debug|Any CPU.Build.0 = Debug|Any CPU
		{B20E8DFD-5F12-4358-849D-1F25806E9052}.Release|Any CPU.ActiveCfg = Release|Any CPU
		{B20E8DFD-5F12-4358-849D-1F25806E9052}.Release|Any CPU.Build.0 = Release|Any CPU
		{819D1196-DF84-4A94-93EA-CEDCDE219F11}.Debug|Any CPU.ActiveCfg = Debug|Any CPU
		{819D1196-DF84-4A94-93EA-CEDCDE219F11}.Debug|Any CPU.Build.0 = Debug|Any CPU
		{819D1196-DF84-4A94-93EA-CEDCDE219F11}.Release|Any CPU.ActiveCfg = Release|Any CPU
		{819D1196-DF84-4A94-93EA-CEDCDE219F11}.Release|Any CPU.Build.0 = Release|Any CPU
		{76B50ACD-D23F-4393-93E5-ECE92DCFAD67}.Debug|Any CPU.ActiveCfg = Debug|Any CPU
		{76B50ACD-D23F-4393-93E5-ECE92DCFAD67}.Debug|Any CPU.Build.0 = Debug|Any CPU
		{76B50ACD-D23F-4393-93E5-ECE92DCFAD67}.Release|Any CPU.ActiveCfg = Release|Any CPU
		{76B50ACD-D23F-4393-93E5-ECE92DCFAD67}.Release|Any CPU.Build.0 = Release|Any CPU
	EndGlobalSection
	GlobalSection(SolutionProperties) = preSolution
		HideSolutionNode = FALSE
	EndGlobalSection
EndGlobal
