
Microsoft Visual Studio Solution File, Format Version 12.00
# Visual Studio 15
VisualStudioVersion = 15.0.26403.3
MinimumVisualStudioVersion = 10.0.40219.1
Project("{FAE04EC0-301F-11D3-BF4B-00C04F79EFBC}") = "Compare simple Maths", "Compare simple Maths\Compare simple Maths.csproj", "{1C1BB826-CC4F-470F-B88E-2A51BAAD932B}"
EndProject
Project("{FAE04EC0-301F-11D3-BF4B-00C04F79EFBC}") = "Compare advanced Maths", "Compare advanced Maths\Compare advanced Maths.csproj", "{CC8B4CF7-AF6A-473E-89E8-F036370E3322}"
EndProject
Project("{FAE04EC0-301F-11D3-BF4B-00C04F79EFBC}") = "Compare sort algorithms", "Compare sort algorithms\Compare sort algorithms.csproj", "{32CE96EC-43DA-40E0-9237-87D5F429ACEA}"
EndProject
Global
	GlobalSection(SolutionConfigurationPlatforms) = preSolution
		Debug|Any CPU = Debug|Any CPU
		Release|Any CPU = Release|Any CPU
	EndGlobalSection
	GlobalSection(ProjectConfigurationPlatforms) = postSolution
		{1C1BB826-CC4F-470F-B88E-2A51BAAD932B}.Debug|Any CPU.ActiveCfg = Debug|Any CPU
		{1C1BB826-CC4F-470F-B88E-2A51BAAD932B}.Debug|Any CPU.Build.0 = Debug|Any CPU
		{1C1BB826-CC4F-470F-B88E-2A51BAAD932B}.Release|Any CPU.ActiveCfg = Release|Any CPU
		{1C1BB826-CC4F-470F-B88E-2A51BAAD932B}.Release|Any CPU.Build.0 = Release|Any CPU
		{CC8B4CF7-AF6A-473E-89E8-F036370E3322}.Debug|Any CPU.ActiveCfg = Debug|Any CPU
		{CC8B4CF7-AF6A-473E-89E8-F036370E3322}.Debug|Any CPU.Build.0 = Debug|Any CPU
		{CC8B4CF7-AF6A-473E-89E8-F036370E3322}.Release|Any CPU.ActiveCfg = Release|Any CPU
		{CC8B4CF7-AF6A-473E-89E8-F036370E3322}.Release|Any CPU.Build.0 = Release|Any CPU
		{32CE96EC-43DA-40E0-9237-87D5F429ACEA}.Debug|Any CPU.ActiveCfg = Debug|Any CPU
		{32CE96EC-43DA-40E0-9237-87D5F429ACEA}.Debug|Any CPU.Build.0 = Debug|Any CPU
		{32CE96EC-43DA-40E0-9237-87D5F429ACEA}.Release|Any CPU.ActiveCfg = Release|Any CPU
		{32CE96EC-43DA-40E0-9237-87D5F429ACEA}.Release|Any CPU.Build.0 = Release|Any CPU
	EndGlobalSection
	GlobalSection(SolutionProperties) = preSolution
		HideSolutionNode = FALSE
	EndGlobalSection
EndGlobal
